
Microsoft Visual Studio Solution File, Format Version 12.00
# Visual Studio Version 17
VisualStudioVersion = 17.14.36616.10 d17.14
MinimumVisualStudioVersion = 10.0.40219.1
Project("{F184B08F-C81C-45F6-A57F-5ABD9991F28F}") = "HVACSmartHomeController", "HVACSmartHomeController\HVACSmartHomeController.vbproj", "{C75F7061-3C8A-4BA1-B1F6-01BCC795C15B}"
EndProject
Global
	GlobalSection(SolutionConfigurationPlatforms) = preSolution
		Debug|Any CPU = Debug|Any CPU
		Release|Any CPU = Release|Any CPU
	EndGlobalSection
	GlobalSection(ProjectConfigurationPlatforms) = postSolution
		{C75F7061-3C8A-4BA1-B1F6-01BCC795C15B}.Debug|Any CPU.ActiveCfg = Debug|Any CPU
		{C75F7061-3C8A-4BA1-B1F6-01BCC795C15B}.Debug|Any CPU.Build.0 = Debug|Any CPU
		{C75F7061-3C8A-4BA1-B1F6-01BCC795C15B}.Release|Any CPU.ActiveCfg = Release|Any CPU
		{C75F7061-3C8A-4BA1-B1F6-01BCC795C15B}.Release|Any CPU.Build.0 = Release|Any CPU
	EndGlobalSection
	GlobalSection(SolutionProperties) = preSolution
		HideSolutionNode = FALSE
	EndGlobalSection
	GlobalSection(ExtensibilityGlobals) = postSolution
		SolutionGuid = {B3313D3B-9914-4E99-9D0E-49319E506DA2}
	EndGlobalSection
EndGlobal
